
Microsoft Visual Studio Solution File, Format Version 12.00
# Visual Studio Version 17
VisualStudioVersion = 17.11.35327.3
MinimumVisualStudioVersion = 10.0.40219.1
Project("{FAE04EC0-301F-11D3-BF4B-00C04F79EFBC}") = "quanlykho", "quanlykho\quanlykho.csproj", "{70EC622F-AF6C-4400-B295-CDB6127CEDEB}"
EndProject
Global
	GlobalSection(SolutionConfigurationPlatforms) = preSolution
		Debug|Any CPU = Debug|Any CPU
		Release|Any CPU = Release|Any CPU
	EndGlobalSection
	GlobalSection(ProjectConfigurationPlatforms) = postSolution
		{70EC622F-AF6C-4400-B295-CDB6127CEDEB}.Debug|Any CPU.ActiveCfg = Debug|Any CPU
		{70EC622F-AF6C-4400-B295-CDB6127CEDEB}.Debug|Any CPU.Build.0 = Debug|Any CPU
		{70EC622F-AF6C-4400-B295-CDB6127CEDEB}.Release|Any CPU.ActiveCfg = Release|Any CPU
		{70EC622F-AF6C-4400-B295-CDB6127CEDEB}.Release|Any CPU.Build.0 = Release|Any CPU
	EndGlobalSection
	GlobalSection(SolutionProperties) = preSolution
		HideSolutionNode = FALSE
	EndGlobalSection
	GlobalSection(ExtensibilityGlobals) = postSolution
		SolutionGuid = {F6E8DB11-BA2F-43CB-B787-8858043BFA59}
	EndGlobalSection
EndGlobal
